
Microsoft Visual Studio Solution File, Format Version 12.00
# Visual Studio Version 17
VisualStudioVersion = 17.4.33205.214
MinimumVisualStudioVersion = 10.0.40219.1
Project("{FAE04EC0-301F-11D3-BF4B-00C04F79EFBC}") = "AgendaTelefonica", "AgendaTelefonica\AgendaTelefonica.csproj", "{35EDE90F-23D8-4F89-AE8A-E1D9019E8FF7}"
EndProject
Global
	GlobalSection(SolutionConfigurationPlatforms) = preSolution
		Debug|Any CPU = Debug|Any CPU
		Release|Any CPU = Release|Any CPU
	EndGlobalSection
	GlobalSection(ProjectConfigurationPlatforms) = postSolution
		{35EDE90F-23D8-4F89-AE8A-E1D9019E8FF7}.Debug|Any CPU.ActiveCfg = Debug|Any CPU
		{35EDE90F-23D8-4F89-AE8A-E1D9019E8FF7}.Debug|Any CPU.Build.0 = Debug|Any CPU
		{35EDE90F-23D8-4F89-AE8A-E1D9019E8FF7}.Release|Any CPU.ActiveCfg = Release|Any CPU
		{35EDE90F-23D8-4F89-AE8A-E1D9019E8FF7}.Release|Any CPU.Build.0 = Release|Any CPU
	EndGlobalSection
	GlobalSection(SolutionProperties) = preSolution
		HideSolutionNode = FALSE
	EndGlobalSection
	GlobalSection(ExtensibilityGlobals) = postSolution
		SolutionGuid = {D2E00C07-5469-4A47-87C1-B099DA8E7360}
	EndGlobalSection
EndGlobal
